{
  "name": "@exchain-ethersproject/tests",
  "version": "5.4.1",
  "lockfileVersion": 1,
  "requires": true,
  "dependencies": {
    "@babel/parser": {
      "version": "7.8.4",
      "resolved": "https://registry.npmjs.org/@babel/parser/-/parser-7.8.4.tgz",
      "integrity": "sha512-0fKu/QqildpXmPVaRBoXOlyBb3MC+J0A66x97qEfLOMkn3u6nfY5esWogQwi/K0BjASYy4DbnsEWnpNL6qT5Mw=="
    },
    "@babel/types": {
      "version": "7.8.3",
      "resolved": "https://registry.npmjs.org/@babel/types/-/types-7.8.3.tgz",
      "integrity": "sha512-jBD+G8+LWpMBBWvVcdr4QysjUE4mU/syrhN17o1u3gx0/WzJB1kwiVZAXRtWbsIPOwW8pF/YJV5+nmetPzepXg==",
      "requires": {
        "esutils": "^2.0.2",
        "lodash": "^4.17.13",
        "to-fast-properties": "^2.0.0"
      }
    },
    "@exchain-ethersproject/abi": {
      "version": "5.4.0",
      "resolved": "https://registry.npmjs.org/@exchain-ethersproject/abi/-/abi-5.4.0.tgz",
      "integrity": "sha512-9gU2H+/yK1j2eVMdzm6xvHSnMxk8waIHQGYCZg5uvAyH0rsAzxkModzBSpbAkAuhKFEovC2S9hM4nPuLym8IZw==",
      "requires": {
        "@exchain-ethersproject/address": "^5.4.0",
        "@exchain-ethersproject/bignumber": "^5.4.0",
        "@exchain-ethersproject/bytes": "^5.4.0",
        "@exchain-ethersproject/constants": "^5.4.0",
        "@exchain-ethersproject/hash": "^5.4.0",
        "@exchain-ethersproject/keccak256": "^5.4.0",
        "@exchain-ethersproject/logger": "^5.4.0",
        "@exchain-ethersproject/properties": "^5.4.0",
        "@exchain-ethersproject/strings": "^5.4.0"
      }
    },
    "@exchain-ethersproject/abstract-provider": {
      "version": "5.4.0",
      "resolved": "https://registry.npmjs.org/@exchain-ethersproject/abstract-provider/-/abstract-provider-5.4.0.tgz",
      "integrity": "sha512-vPBR7HKUBY0lpdllIn7tLIzNN7DrVnhCLKSzY0l8WAwxz686m/aL7ASDzrVxV93GJtIub6N2t4dfZ29CkPOxgA==",
      "requires": {
        "@exchain-ethersproject/bignumber": "^5.4.0",
        "@exchain-ethersproject/bytes": "^5.4.0",
        "@exchain-ethersproject/logger": "^5.4.0",
        "@exchain-ethersproject/networks": "^5.4.0",
        "@exchain-ethersproject/properties": "^5.4.0",
        "@exchain-ethersproject/transactions": "^5.4.0",
        "@exchain-ethersproject/web": "^5.4.0"
      }
    },
    "@exchain-ethersproject/abstract-signer": {
      "version": "5.4.0",
      "resolved": "https://registry.npmjs.org/@exchain-ethersproject/abstract-signer/-/abstract-signer-5.4.0.tgz",
      "integrity": "sha512-AieQAzt05HJZS2bMofpuxMEp81AHufA5D6M4ScKwtolj041nrfIbIi8ciNW7+F59VYxXq+V4c3d568Q6l2m8ew==",
      "requires": {
        "@exchain-ethersproject/abstract-provider": "^5.4.0",
        "@exchain-ethersproject/bignumber": "^5.4.0",
        "@exchain-ethersproject/bytes": "^5.4.0",
        "@exchain-ethersproject/logger": "^5.4.0",
        "@exchain-ethersproject/properties": "^5.4.0"
      }
    },
    "@exchain-ethersproject/address": {
      "version": "5.4.0",
      "resolved": "https://registry.npmjs.org/@exchain-ethersproject/address/-/address-5.4.0.tgz",
      "integrity": "sha512-SD0VgOEkcACEG/C6xavlU1Hy3m5DGSXW3CUHkaaEHbAPPsgi0coP5oNPsxau8eTlZOk/bpa/hKeCNoK5IzVI2Q==",
      "requires": {
        "@exchain-ethersproject/bignumber": "^5.4.0",
        "@exchain-ethersproject/bytes": "^5.4.0",
        "@exchain-ethersproject/keccak256": "^5.4.0",
        "@exchain-ethersproject/logger": "^5.4.0",
        "@exchain-ethersproject/rlp": "^5.4.0"
      }
    },
    "@exchain-ethersproject/asm": {
      "version": "5.4.0",
      "resolved": "https://registry.npmjs.org/@exchain-ethersproject/asm/-/asm-5.4.0.tgz",
      "integrity": "sha512-WSw6aWNabacmlqANvU2/G00JHWmXyuQXRaT34+NiGIN3buU9o4rIp5TrEYpzipwPqHdDa/6H2OHpSsilfHdj0g==",
      "requires": {
        "exchain-ethers": "^5.4.0"
      }
    },
    "@exchain-ethersproject/base64": {
      "version": "5.4.0",
      "resolved": "https://registry.npmjs.org/@exchain-ethersproject/base64/-/base64-5.4.0.tgz",
      "integrity": "sha512-CjQw6E17QDSSC5jiM9YpF7N1aSCHmYGMt9bWD8PWv6YPMxjsys2/Q8xLrROKI3IWJ7sFfZ8B3flKDTM5wlWuZQ==",
      "requires": {
        "@exchain-ethersproject/bytes": "^5.4.0"
      }
    },
    "@exchain-ethersproject/basex": {
      "version": "5.4.0",
      "resolved": "https://registry.npmjs.org/@exchain-ethersproject/basex/-/basex-5.4.0.tgz",
      "integrity": "sha512-J07+QCVJ7np2bcpxydFVf/CuYo9mZ7T73Pe7KQY4c1lRlrixMeblauMxHXD0MPwFmUHZIILDNViVkykFBZylbg==",
      "requires": {
        "@exchain-ethersproject/bytes": "^5.4.0",
        "@exchain-ethersproject/properties": "^5.4.0"
      }
    },
    "@exchain-ethersproject/bignumber": {
      "version": "5.4.0",
      "resolved": "https://registry.npmjs.org/@exchain-ethersproject/bignumber/-/bignumber-5.4.0.tgz",
      "integrity": "sha512-OXUu9f9hO3vGRIPxU40cignXZVaYyfx6j9NNMjebKdnaCL3anCLSSy8/b8d03vY6dh7duCC0kW72GEC4tZer2w==",
      "requires": {
        "@exchain-ethersproject/bytes": "^5.4.0",
        "@exchain-ethersproject/logger": "^5.4.0",
        "bn.js": "^4.11.9"
      }
    },
    "@exchain-ethersproject/bytes": {
      "version": "5.4.0",
      "resolved": "https://registry.npmjs.org/@exchain-ethersproject/bytes/-/bytes-5.4.0.tgz",
      "integrity": "sha512-H60ceqgTHbhzOj4uRc/83SCN9d+BSUnOkrr2intevqdtEMO1JFVZ1XL84OEZV+QjV36OaZYxtnt4lGmxcGsPfA==",
      "requires": {
        "@exchain-ethersproject/logger": "^5.4.0"
      }
    },
    "@exchain-ethersproject/cli": {
      "version": "5.4.0",
      "resolved": "https://registry.npmjs.org/@exchain-ethersproject/cli/-/cli-5.4.0.tgz",
      "integrity": "sha512-gs+Fe8PL4s5FLGwlo3N+jRCcDH/3yiFV+r6h8Cduzy2A3+amL/dO1kqDgfJCh1IVDTSdHiFLALdoaND+Kl3pUQ==",
      "requires": {
        "@babel/parser": "7.8.4",
        "@babel/types": "7.8.3",
        "@exchain-ethersproject/asm": "^5.4.0",
        "@exchain-ethersproject/basex": "^5.4.0",
        "exchain-ethers": "^5.4.0",
        "scrypt-js": "3.0.1",
        "solc": "0.7.1"
      }
    },
    "@exchain-ethersproject/constants": {
      "version": "5.4.0",
      "resolved": "https://registry.npmjs.org/@exchain-ethersproject/constants/-/constants-5.4.0.tgz",
      "integrity": "sha512-tzjn6S7sj9+DIIeKTJLjK9WGN2Tj0P++Z8ONEIlZjyoTkBuODN+0VfhAyYksKi43l1Sx9tX2VlFfzjfmr5Wl3Q==",
      "requires": {
        "@exchain-ethersproject/bignumber": "^5.4.0"
      }
    },
    "@exchain-ethersproject/contracts": {
      "version": "5.4.0",
      "resolved": "https://registry.npmjs.org/@exchain-ethersproject/contracts/-/contracts-5.4.0.tgz",
      "integrity": "sha512-hkO3L3IhS1Z3ZtHtaAG/T87nQ7KiPV+/qnvutag35I0IkiQ8G3ZpCQ9NNOpSCzn4pWSW4CfzmtE02FcqnLI+hw==",
      "requires": {
        "@exchain-ethersproject/abi": "^5.4.0",
        "@exchain-ethersproject/abstract-provider": "^5.4.0",
        "@exchain-ethersproject/abstract-signer": "^5.4.0",
        "@exchain-ethersproject/address": "^5.4.0",
        "@exchain-ethersproject/bignumber": "^5.4.0",
        "@exchain-ethersproject/bytes": "^5.4.0",
        "@exchain-ethersproject/constants": "^5.4.0",
        "@exchain-ethersproject/logger": "^5.4.0",
        "@exchain-ethersproject/properties": "^5.4.0",
        "@exchain-ethersproject/transactions": "^5.4.0"
      }
    },
    "@exchain-ethersproject/hash": {
      "version": "5.4.0",
      "resolved": "https://registry.npmjs.org/@exchain-ethersproject/hash/-/hash-5.4.0.tgz",
      "integrity": "sha512-xymAM9tmikKgbktOCjW60Z5sdouiIIurkZUr9oW5NOex5uwxrbsYG09kb5bMcNjlVeJD3yPivTNzViIs1GCbqA==",
      "requires": {
        "@exchain-ethersproject/abstract-signer": "^5.4.0",
        "@exchain-ethersproject/address": "^5.4.0",
        "@exchain-ethersproject/bignumber": "^5.4.0",
        "@exchain-ethersproject/bytes": "^5.4.0",
        "@exchain-ethersproject/keccak256": "^5.4.0",
        "@exchain-ethersproject/logger": "^5.4.0",
        "@exchain-ethersproject/properties": "^5.4.0",
        "@exchain-ethersproject/strings": "^5.4.0"
      }
    },
    "@exchain-ethersproject/hdnode": {
      "version": "5.4.0",
      "resolved": "https://registry.npmjs.org/@exchain-ethersproject/hdnode/-/hdnode-5.4.0.tgz",
      "integrity": "sha512-pKxdS0KAaeVGfZPp1KOiDLB0jba11tG6OP1u11QnYfb7pXn6IZx0xceqWRr6ygke8+Kw74IpOoSi7/DwANhy8Q==",
      "requires": {
        "@exchain-ethersproject/abstract-signer": "^5.4.0",
        "@exchain-ethersproject/basex": "^5.4.0",
        "@exchain-ethersproject/bignumber": "^5.4.0",
        "@exchain-ethersproject/bytes": "^5.4.0",
        "@exchain-ethersproject/logger": "^5.4.0",
        "@exchain-ethersproject/pbkdf2": "^5.4.0",
        "@exchain-ethersproject/properties": "^5.4.0",
        "@exchain-ethersproject/sha2": "^5.4.0",
        "@exchain-ethersproject/signing-key": "^5.4.0",
        "@exchain-ethersproject/strings": "^5.4.0",
        "@exchain-ethersproject/transactions": "^5.4.0",
        "@exchain-ethersproject/wordlists": "^5.4.0"
      }
    },
    "@exchain-ethersproject/json-wallets": {
      "version": "5.4.0",
      "resolved": "https://registry.npmjs.org/@exchain-ethersproject/json-wallets/-/json-wallets-5.4.0.tgz",
      "integrity": "sha512-igWcu3fx4aiczrzEHwG1xJZo9l1cFfQOWzTqwRw/xcvxTk58q4f9M7cjh51EKphMHvrJtcezJ1gf1q1AUOfEQQ==",
      "requires": {
        "@exchain-ethersproject/abstract-signer": "^5.4.0",
        "@exchain-ethersproject/address": "^5.4.0",
        "@exchain-ethersproject/bytes": "^5.4.0",
        "@exchain-ethersproject/hdnode": "^5.4.0",
        "@exchain-ethersproject/keccak256": "^5.4.0",
        "@exchain-ethersproject/logger": "^5.4.0",
        "@exchain-ethersproject/pbkdf2": "^5.4.0",
        "@exchain-ethersproject/properties": "^5.4.0",
        "@exchain-ethersproject/random": "^5.4.0",
        "@exchain-ethersproject/strings": "^5.4.0",
        "@exchain-ethersproject/transactions": "^5.4.0",
        "aes-js": "3.0.0",
        "scrypt-js": "3.0.1"
      }
    },
    "@exchain-ethersproject/keccak256": {
      "version": "5.4.0",
      "resolved": "https://registry.npmjs.org/@exchain-ethersproject/keccak256/-/keccak256-5.4.0.tgz",
      "integrity": "sha512-FBI1plWet+dPUvAzPAeHzRKiPpETQzqSUWR1wXJGHVWi4i8bOSrpC3NwpkPjgeXG7MnugVc1B42VbfnQikyC/A==",
      "requires": {
        "@exchain-ethersproject/bytes": "^5.4.0",
        "js-sha3": "0.5.7"
      }
    },
    "@exchain-ethersproject/logger": {
      "version": "5.4.0",
      "resolved": "https://registry.npmjs.org/@exchain-ethersproject/logger/-/logger-5.4.0.tgz",
      "integrity": "sha512-xYdWGGQ9P2cxBayt64d8LC8aPFJk6yWCawQi/4eJ4+oJdMMjEBMrIcIMZ9AxhwpPVmnBPrsB10PcXGmGAqgUEQ=="
    },
    "@exchain-ethersproject/networks": {
      "version": "5.4.1",
      "resolved": "https://registry.npmjs.org/@exchain-ethersproject/networks/-/networks-5.4.1.tgz",
      "integrity": "sha512-8SvowCKz9Uf4xC5DTKI8+il8lWqOr78kmiqAVLYT9lzB8aSmJHQMD1GSuJI0CW4hMAnzocpGpZLgiMdzsNSPig==",
      "requires": {
        "@exchain-ethersproject/logger": "^5.4.0"
      }
    },
    "@exchain-ethersproject/pbkdf2": {
      "version": "5.4.0",
      "resolved": "https://registry.npmjs.org/@exchain-ethersproject/pbkdf2/-/pbkdf2-5.4.0.tgz",
      "integrity": "sha512-x94aIv6tiA04g6BnazZSLoRXqyusawRyZWlUhKip2jvoLpzJuLb//KtMM6PEovE47pMbW+Qe1uw+68ameJjB7g==",
      "requires": {
        "@exchain-ethersproject/bytes": "^5.4.0",
        "@exchain-ethersproject/sha2": "^5.4.0"
      }
    },
    "@exchain-ethersproject/properties": {
      "version": "5.4.0",
      "resolved": "https://registry.npmjs.org/@exchain-ethersproject/properties/-/properties-5.4.0.tgz",
      "integrity": "sha512-7jczalGVRAJ+XSRvNA6D5sAwT4gavLq3OXPuV/74o3Rd2wuzSL035IMpIMgei4CYyBdialJMrTqkOnzccLHn4A==",
      "requires": {
        "@exchain-ethersproject/logger": "^5.4.0"
      }
    },
    "@exchain-ethersproject/providers": {
      "version": "5.4.1",
      "resolved": "https://registry.npmjs.org/@exchain-ethersproject/providers/-/providers-5.4.1.tgz",
      "integrity": "sha512-p06eiFKz8nu/5Ju0kIX024gzEQIgE5pvvGrBCngpyVjpuLtUIWT3097Agw4mTn9/dEA0FMcfByzFqacBMSgCVg==",
      "requires": {
        "@exchain-ethersproject/abstract-provider": "^5.4.0",
        "@exchain-ethersproject/abstract-signer": "^5.4.0",
        "@exchain-ethersproject/address": "^5.4.0",
        "@exchain-ethersproject/basex": "^5.4.0",
        "@exchain-ethersproject/bignumber": "^5.4.0",
        "@exchain-ethersproject/bytes": "^5.4.0",
        "@exchain-ethersproject/constants": "^5.4.0",
        "@exchain-ethersproject/hash": "^5.4.0",
        "@exchain-ethersproject/logger": "^5.4.0",
        "@exchain-ethersproject/networks": "^5.4.0",
        "@exchain-ethersproject/properties": "^5.4.0",
        "@exchain-ethersproject/random": "^5.4.0",
        "@exchain-ethersproject/rlp": "^5.4.0",
        "@exchain-ethersproject/sha2": "^5.4.0",
        "@exchain-ethersproject/strings": "^5.4.0",
        "@exchain-ethersproject/transactions": "^5.4.0",
        "@exchain-ethersproject/web": "^5.4.0",
        "bech32": "1.1.4",
        "ws": "7.4.6"
      }
    },
    "@exchain-ethersproject/random": {
      "version": "5.4.0",
      "resolved": "https://registry.npmjs.org/@exchain-ethersproject/random/-/random-5.4.0.tgz",
      "integrity": "sha512-pnpWNQlf0VAZDEOVp1rsYQosmv2o0ITS/PecNw+mS2/btF8eYdspkN0vIXrCMtkX09EAh9bdk8GoXmFXM1eAKw==",
      "requires": {
        "@exchain-ethersproject/bytes": "^5.4.0",
        "@exchain-ethersproject/logger": "^5.4.0"
      }
    },
    "@exchain-ethersproject/rlp": {
      "version": "5.4.0",
      "resolved": "https://registry.npmjs.org/@exchain-ethersproject/rlp/-/rlp-5.4.0.tgz",
      "integrity": "sha512-0I7MZKfi+T5+G8atId9QaQKHRvvasM/kqLyAH4XxBCBchAooH2EX5rL9kYZWwcm3awYV+XC7VF6nLhfeQFKVPg==",
      "requires": {
        "@exchain-ethersproject/bytes": "^5.4.0",
        "@exchain-ethersproject/logger": "^5.4.0"
      }
    },
    "@exchain-ethersproject/sha2": {
      "version": "5.4.0",
      "resolved": "https://registry.npmjs.org/@exchain-ethersproject/sha2/-/sha2-5.4.0.tgz",
      "integrity": "sha512-siheo36r1WD7Cy+bDdE1BJ8y0bDtqXCOxRMzPa4bV1TGt/eTUUt03BHoJNB6reWJD8A30E/pdJ8WFkq+/uz4Gg==",
      "requires": {
        "@exchain-ethersproject/bytes": "^5.4.0",
        "@exchain-ethersproject/logger": "^5.4.0",
        "hash.js": "1.1.7"
      }
    },
    "@exchain-ethersproject/signing-key": {
      "version": "5.4.0",
      "resolved": "https://registry.npmjs.org/@exchain-ethersproject/signing-key/-/signing-key-5.4.0.tgz",
      "integrity": "sha512-q8POUeywx6AKg2/jX9qBYZIAmKSB4ubGXdQ88l40hmATj29JnG5pp331nAWwwxPn2Qao4JpWHNZsQN+bPiSW9A==",
      "requires": {
        "@exchain-ethersproject/bytes": "^5.4.0",
        "@exchain-ethersproject/logger": "^5.4.0",
        "@exchain-ethersproject/properties": "^5.4.0",
        "bn.js": "^4.11.9",
        "elliptic": "6.5.4",
        "hash.js": "1.1.7"
      }
    },
    "@exchain-ethersproject/solidity": {
      "version": "5.4.0",
      "resolved": "https://registry.npmjs.org/@exchain-ethersproject/solidity/-/solidity-5.4.0.tgz",
      "integrity": "sha512-XFQTZ7wFSHOhHcV1DpcWj7VXECEiSrBuv7JErJvB9Uo+KfCdc3QtUZV+Vjh/AAaYgezUEKbCtE6Khjm44seevQ==",
      "requires": {
        "@exchain-ethersproject/bignumber": "^5.4.0",
        "@exchain-ethersproject/bytes": "^5.4.0",
        "@exchain-ethersproject/keccak256": "^5.4.0",
        "@exchain-ethersproject/sha2": "^5.4.0",
        "@exchain-ethersproject/strings": "^5.4.0"
      }
    },
    "@exchain-ethersproject/strings": {
      "version": "5.4.0",
      "resolved": "https://registry.npmjs.org/@exchain-ethersproject/strings/-/strings-5.4.0.tgz",
      "integrity": "sha512-k/9DkH5UGDhv7aReXLluFG5ExurwtIpUfnDNhQA29w896Dw3i4uDTz01Quaptbks1Uj9kI8wo9tmW73wcIEaWA==",
      "requires": {
        "@exchain-ethersproject/bytes": "^5.4.0",
        "@exchain-ethersproject/constants": "^5.4.0",
        "@exchain-ethersproject/logger": "^5.4.0"
      }
    },
    "@exchain-ethersproject/testcases": {
      "version": "5.4.0",
      "resolved": "https://registry.npmjs.org/@exchain-ethersproject/testcases/-/testcases-5.4.0.tgz",
      "integrity": "sha512-+Bz3QkFypWvCw5Z5kQXq/iKVCtseAO9scEl1E/zBsRM/79ncHV4Li1YMZD/byk7KXvWJyDFCyQrQqZ5046xEBw==",
      "requires": {
        "@exchain-ethersproject/bignumber": "^5.4.0",
        "@exchain-ethersproject/bytes": "^5.4.0",
        "@exchain-ethersproject/keccak256": "^5.4.0",
        "@exchain-ethersproject/strings": "^5.4.0",
        "exchain-ethers": "^5.4.0",
        "tiny-inflate": "1.0.3"
      }
    },
    "@exchain-ethersproject/transactions": {
      "version": "5.4.0",
      "resolved": "https://registry.npmjs.org/@exchain-ethersproject/transactions/-/transactions-5.4.0.tgz",
      "integrity": "sha512-s3EjZZt7xa4BkLknJZ98QGoIza94rVjaEed0rzZ/jB9WrIuu/1+tjvYCWzVrystXtDswy7TPBeIepyXwSYa4WQ==",
      "requires": {
        "@exchain-ethersproject/address": "^5.4.0",
        "@exchain-ethersproject/bignumber": "^5.4.0",
        "@exchain-ethersproject/bytes": "^5.4.0",
        "@exchain-ethersproject/constants": "^5.4.0",
        "@exchain-ethersproject/keccak256": "^5.4.0",
        "@exchain-ethersproject/logger": "^5.4.0",
        "@exchain-ethersproject/properties": "^5.4.0",
        "@exchain-ethersproject/rlp": "^5.4.0",
        "@exchain-ethersproject/signing-key": "^5.4.0"
      }
    },
    "@exchain-ethersproject/units": {
      "version": "5.4.0",
      "resolved": "https://registry.npmjs.org/@exchain-ethersproject/units/-/units-5.4.0.tgz",
      "integrity": "sha512-Z88krX40KCp+JqPCP5oPv5p750g+uU6gopDYRTBGcDvOASh6qhiEYCRatuM/suC4S2XW9Zz90QI35MfSrTIaFg==",
      "requires": {
        "@exchain-ethersproject/bignumber": "^5.4.0",
        "@exchain-ethersproject/constants": "^5.4.0",
        "@exchain-ethersproject/logger": "^5.4.0"
      }
    },
    "@exchain-ethersproject/wallet": {
      "version": "5.4.0",
      "resolved": "https://registry.npmjs.org/@exchain-ethersproject/wallet/-/wallet-5.4.0.tgz",
      "integrity": "sha512-wU29majLjM6AjCjpat21mPPviG+EpK7wY1+jzKD0fg3ui5fgedf2zEu1RDgpfIMsfn8fJHJuzM4zXZ2+hSHaSQ==",
      "requires": {
        "@exchain-ethersproject/abstract-provider": "^5.4.0",
        "@exchain-ethersproject/abstract-signer": "^5.4.0",
        "@exchain-ethersproject/address": "^5.4.0",
        "@exchain-ethersproject/bignumber": "^5.4.0",
        "@exchain-ethersproject/bytes": "^5.4.0",
        "@exchain-ethersproject/hash": "^5.4.0",
        "@exchain-ethersproject/hdnode": "^5.4.0",
        "@exchain-ethersproject/json-wallets": "^5.4.0",
        "@exchain-ethersproject/keccak256": "^5.4.0",
        "@exchain-ethersproject/logger": "^5.4.0",
        "@exchain-ethersproject/properties": "^5.4.0",
        "@exchain-ethersproject/random": "^5.4.0",
        "@exchain-ethersproject/signing-key": "^5.4.0",
        "@exchain-ethersproject/transactions": "^5.4.0",
        "@exchain-ethersproject/wordlists": "^5.4.0"
      }
    },
    "@exchain-ethersproject/web": {
      "version": "5.4.0",
      "resolved": "https://registry.npmjs.org/@exchain-ethersproject/web/-/web-5.4.0.tgz",
      "integrity": "sha512-1bUusGmcoRLYgMn6c1BLk1tOKUIFuTg8j+6N8lYlbMpDesnle+i3pGSagGNvwjaiLo4Y5gBibwctpPRmjrh4Og==",
      "requires": {
        "@exchain-ethersproject/base64": "^5.4.0",
        "@exchain-ethersproject/bytes": "^5.4.0",
        "@exchain-ethersproject/logger": "^5.4.0",
        "@exchain-ethersproject/properties": "^5.4.0",
        "@exchain-ethersproject/strings": "^5.4.0"
      }
    },
    "@exchain-ethersproject/wordlists": {
      "version": "5.4.0",
      "resolved": "https://registry.npmjs.org/@exchain-ethersproject/wordlists/-/wordlists-5.4.0.tgz",
      "integrity": "sha512-FemEkf6a+EBKEPxlzeVgUaVSodU7G0Na89jqKjmWMlDB0tomoU8RlEMgUvXyqtrg8N4cwpLh8nyRnm1Nay1isA==",
      "requires": {
        "@exchain-ethersproject/bytes": "^5.4.0",
        "@exchain-ethersproject/hash": "^5.4.0",
        "@exchain-ethersproject/logger": "^5.4.0",
        "@exchain-ethersproject/properties": "^5.4.0",
        "@exchain-ethersproject/strings": "^5.4.0"
      }
    },
    "@types/mocha": {
      "version": "5.2.7",
      "resolved": "https://registry.npmjs.org/@types/mocha/-/mocha-5.2.7.tgz",
      "integrity": "sha512-NYrtPht0wGzhwe9+/idPaBB+TqkY9AhTvOLMkThm0IoEfLaiVQZwBwyJ5puCkO3AUCWrmcoePjp2mbFocKy4SQ=="
    },
    "aes-js": {
      "version": "3.0.0",
      "resolved": "https://registry.npmjs.org/aes-js/-/aes-js-3.0.0.tgz",
      "integrity": "sha1-4h3xCtbCBTKVvLuNq0Cwnb6ofk0="
    },
    "balanced-match": {
      "version": "1.0.2",
      "resolved": "https://registry.npmjs.org/balanced-match/-/balanced-match-1.0.2.tgz",
      "integrity": "sha512-3oSeUO0TMV67hN1AmbXsK4yaqU7tjiHlbxRDZOpH0KW9+CeX4bRAaX0Anxt0tx2MrpRpWwQaPwIlISEJhYU5Pw=="
    },
    "bech32": {
      "version": "1.1.4",
      "resolved": "https://registry.npmjs.org/bech32/-/bech32-1.1.4.tgz",
      "integrity": "sha512-s0IrSOzLlbvX7yp4WBfPITzpAU8sqQcpsmwXDiKwrG4r491vwCO/XpejasRNl0piBMe/DvP4Tz0mIS/X1DPJBQ=="
    },
    "bn.js": {
      "version": "4.12.0",
      "resolved": "https://registry.npmjs.org/bn.js/-/bn.js-4.12.0.tgz",
      "integrity": "sha512-c98Bf3tPniI+scsdk237ku1Dc3ujXQTSgyiPUDEOe7tRkhrqridvh8klBv0HCEso1OLOYcHuCv/cS6DNxKH+ZA=="
    },
    "brace-expansion": {
      "version": "1.1.11",
      "resolved": "https://registry.npmjs.org/brace-expansion/-/brace-expansion-1.1.11.tgz",
      "integrity": "sha512-iCuPHDFgrHX7H2vEI/5xpz07zSHB00TpugqhmYtVmMO6518mCuRMoOYFldEBl0g187ufozdaHgWKcYFb61qGiA==",
      "requires": {
        "balanced-match": "^1.0.0",
        "concat-map": "0.0.1"
      }
    },
    "brorand": {
      "version": "1.1.0",
      "resolved": "https://registry.npmjs.org/brorand/-/brorand-1.1.0.tgz",
      "integrity": "sha1-EsJe/kCkXjwyPrhnWgoM5XsiNx8="
    },
    "command-exists": {
      "version": "1.2.9",
      "resolved": "https://registry.npmjs.org/command-exists/-/command-exists-1.2.9.tgz",
      "integrity": "sha512-LTQ/SGc+s0Xc0Fu5WaKnR0YiygZkm9eKFvyS+fRsU7/ZWFF8ykFM6Pc9aCVf1+xasOOZpO3BAVgVrKvsqKHV7w=="
    },
    "commander": {
      "version": "3.0.2",
      "resolved": "https://registry.npmjs.org/commander/-/commander-3.0.2.tgz",
      "integrity": "sha512-Gar0ASD4BDyKC4hl4DwHqDrmvjoxWKZigVnAbn5H1owvm4CxCPdb0HQDehwNYMJpla5+M2tPmPARzhtYuwpHow=="
    },
    "concat-map": {
      "version": "0.0.1",
      "resolved": "https://registry.npmjs.org/concat-map/-/concat-map-0.0.1.tgz",
      "integrity": "sha1-2Klr13/Wjfd5OnMDajug1UBdR3s="
    },
    "elliptic": {
      "version": "6.5.4",
      "resolved": "https://registry.npmjs.org/elliptic/-/elliptic-6.5.4.tgz",
      "integrity": "sha512-iLhC6ULemrljPZb+QutR5TQGB+pdW6KGD5RSegS+8sorOZT+rdQFbsQFJgvN3eRqNALqJer4oQ16YvJHlU8hzQ==",
      "requires": {
        "bn.js": "^4.11.9",
        "brorand": "^1.1.0",
        "hash.js": "^1.0.0",
        "hmac-drbg": "^1.0.1",
        "inherits": "^2.0.4",
        "minimalistic-assert": "^1.0.1",
        "minimalistic-crypto-utils": "^1.0.1"
      }
    },
    "esutils": {
      "version": "2.0.3",
      "resolved": "https://registry.npmjs.org/esutils/-/esutils-2.0.3.tgz",
      "integrity": "sha512-kVscqXk4OCp68SZ0dkgEKVi6/8ij300KBWTJq32P/dYeWTSwK41WyTxalN1eRmA5Z9UU/LX9D7FWSmV9SAYx6g=="
    },
    "exchain-ethers": {
      "version": "5.4.1",
      "resolved": "https://registry.npmjs.org/ethers/-/ethers-5.4.1.tgz",
      "integrity": "sha512-SrcddMdCgP1hukDvCPd87Aipbf4NWjQvdfAbZ65XSZGbfyuYPtIrUJPDH5B1SBRsdlfiEgX3eoz28DdBDzMNFg==",
      "requires": {
        "@exchain-ethersproject/abi": "5.4.0",
        "@exchain-ethersproject/abstract-provider": "5.4.0",
        "@exchain-ethersproject/abstract-signer": "5.4.0",
        "@exchain-ethersproject/address": "5.4.0",
        "@exchain-ethersproject/base64": "5.4.0",
        "@exchain-ethersproject/basex": "5.4.0",
        "@exchain-ethersproject/bignumber": "5.4.0",
        "@exchain-ethersproject/bytes": "5.4.0",
        "@exchain-ethersproject/constants": "5.4.0",
        "@exchain-ethersproject/contracts": "5.4.0",
        "@exchain-ethersproject/hash": "5.4.0",
        "@exchain-ethersproject/hdnode": "5.4.0",
        "@exchain-ethersproject/json-wallets": "5.4.0",
        "@exchain-ethersproject/keccak256": "5.4.0",
        "@exchain-ethersproject/logger": "5.4.0",
        "@exchain-ethersproject/networks": "5.4.1",
        "@exchain-ethersproject/pbkdf2": "5.4.0",
        "@exchain-ethersproject/properties": "5.4.0",
        "@exchain-ethersproject/providers": "5.4.1",
        "@exchain-ethersproject/random": "5.4.0",
        "@exchain-ethersproject/rlp": "5.4.0",
        "@exchain-ethersproject/sha2": "5.4.0",
        "@exchain-ethersproject/signing-key": "5.4.0",
        "@exchain-ethersproject/solidity": "5.4.0",
        "@exchain-ethersproject/strings": "5.4.0",
        "@exchain-ethersproject/transactions": "5.4.0",
        "@exchain-ethersproject/units": "5.4.0",
        "@exchain-ethersproject/wallet": "5.4.0",
        "@exchain-ethersproject/web": "5.4.0",
        "@exchain-ethersproject/wordlists": "5.4.0"
      }
    },
    "follow-redirects": {
      "version": "1.14.1",
      "resolved": "https://registry.npmjs.org/follow-redirects/-/follow-redirects-1.14.1.tgz",
      "integrity": "sha512-HWqDgT7ZEkqRzBvc2s64vSZ/hfOceEol3ac/7tKwzuvEyWx3/4UegXh5oBOIotkGsObyk3xznnSRVADBgWSQVg=="
    },
    "fs-extra": {
      "version": "0.30.0",
      "resolved": "https://registry.npmjs.org/fs-extra/-/fs-extra-0.30.0.tgz",
      "integrity": "sha1-8jP/zAjU2n1DLapEl3aYnbHfk/A=",
      "requires": {
        "graceful-fs": "^4.1.2",
        "jsonfile": "^2.1.0",
        "klaw": "^1.0.0",
        "path-is-absolute": "^1.0.0",
        "rimraf": "^2.2.8"
      }
    },
    "fs.realpath": {
      "version": "1.0.0",
      "resolved": "https://registry.npmjs.org/fs.realpath/-/fs.realpath-1.0.0.tgz",
      "integrity": "sha1-FQStJSMVjKpA20onh8sBQRmU6k8="
    },
    "glob": {
      "version": "7.1.7",
      "resolved": "https://registry.npmjs.org/glob/-/glob-7.1.7.tgz",
      "integrity": "sha512-OvD9ENzPLbegENnYP5UUfJIirTg4+XwMWGaQfQTY0JenxNvvIKP3U3/tAQSPIu/lHxXYSZmpXlUHeqAIdKzBLQ==",
      "requires": {
        "fs.realpath": "^1.0.0",
        "inflight": "^1.0.4",
        "inherits": "2",
        "minimatch": "^3.0.4",
        "once": "^1.3.0",
        "path-is-absolute": "^1.0.0"
      }
    },
    "graceful-fs": {
      "version": "4.2.6",
      "resolved": "https://registry.npmjs.org/graceful-fs/-/graceful-fs-4.2.6.tgz",
      "integrity": "sha512-nTnJ528pbqxYanhpDYsi4Rd8MAeaBA67+RZ10CM1m3bTAVFEDcd5AuA4a6W5YkGZ1iNXHzZz8T6TBKLeBuNriQ=="
    },
    "hash.js": {
      "version": "1.1.7",
      "resolved": "https://registry.npmjs.org/hash.js/-/hash.js-1.1.7.tgz",
      "integrity": "sha512-taOaskGt4z4SOANNseOviYDvjEJinIkRgmp7LbKP2YTTmVxWBl87s/uzK9r+44BclBSp2X7K1hqeNfz9JbBeXA==",
      "requires": {
        "inherits": "^2.0.3",
        "minimalistic-assert": "^1.0.1"
      }
    },
    "hmac-drbg": {
      "version": "1.0.1",
      "resolved": "https://registry.npmjs.org/hmac-drbg/-/hmac-drbg-1.0.1.tgz",
      "integrity": "sha1-0nRXAQJabHdabFRXk+1QL8DGSaE=",
      "requires": {
        "hash.js": "^1.0.3",
        "minimalistic-assert": "^1.0.0",
        "minimalistic-crypto-utils": "^1.0.1"
      }
    },
    "inflight": {
      "version": "1.0.6",
      "resolved": "https://registry.npmjs.org/inflight/-/inflight-1.0.6.tgz",
      "integrity": "sha1-Sb1jMdfQLQwJvJEKEHW6gWW1bfk=",
      "requires": {
        "once": "^1.3.0",
        "wrappy": "1"
      }
    },
    "inherits": {
      "version": "2.0.4",
      "resolved": "https://registry.npmjs.org/inherits/-/inherits-2.0.4.tgz",
      "integrity": "sha512-k/vGaX4/Yla3WzyMCvTQOXYeIHvqOKtnqBduzTHpzpQZzAskKMhZ2K+EnBiSM9zGSoIFeMpXKxa4dYeZIQqewQ=="
    },
    "js-sha3": {
      "version": "0.5.7",
      "resolved": "https://registry.npmjs.org/js-sha3/-/js-sha3-0.5.7.tgz",
      "integrity": "sha1-DU/9gALVMzqrr0oj7tL2N0yfKOc="
    },
    "jsonfile": {
      "version": "2.4.0",
      "resolved": "https://registry.npmjs.org/jsonfile/-/jsonfile-2.4.0.tgz",
      "integrity": "sha1-NzaitCi4e72gzIO1P6PWM6NcKug=",
      "requires": {
        "graceful-fs": "^4.1.6"
      }
    },
    "klaw": {
      "version": "1.3.1",
      "resolved": "https://registry.npmjs.org/klaw/-/klaw-1.3.1.tgz",
      "integrity": "sha1-QIhDO0azsbolnXh4XY6W9zugJDk=",
      "requires": {
        "graceful-fs": "^4.1.9"
      }
    },
    "lodash": {
      "version": "4.17.21",
      "resolved": "https://registry.npmjs.org/lodash/-/lodash-4.17.21.tgz",
      "integrity": "sha512-v2kDEe57lecTulaDIuNTPy3Ry4gLGJ6Z1O3vE1krgXZNrsQ+LFTGHVxVjcXPs17LhbZVGedAJv8XZ1tvj5FvSg=="
    },
    "memorystream": {
      "version": "0.3.1",
      "resolved": "https://registry.npmjs.org/memorystream/-/memorystream-0.3.1.tgz",
      "integrity": "sha1-htcJCzDORV1j+64S3aUaR93K+bI="
    },
    "minimalistic-assert": {
      "version": "1.0.1",
      "resolved": "https://registry.npmjs.org/minimalistic-assert/-/minimalistic-assert-1.0.1.tgz",
      "integrity": "sha512-UtJcAD4yEaGtjPezWuO9wC4nwUnVH/8/Im3yEHQP4b67cXlD/Qr9hdITCU1xDbSEXg2XKNaP8jsReV7vQd00/A=="
    },
    "minimalistic-crypto-utils": {
      "version": "1.0.1",
      "resolved": "https://registry.npmjs.org/minimalistic-crypto-utils/-/minimalistic-crypto-utils-1.0.1.tgz",
      "integrity": "sha1-9sAMHAsIIkblxNmd+4x8CDsrWCo="
    },
    "minimatch": {
      "version": "3.0.4",
      "resolved": "https://registry.npmjs.org/minimatch/-/minimatch-3.0.4.tgz",
      "integrity": "sha512-yJHVQEhyqPLUTgt9B83PXu6W3rx4MvvHvSUvToogpwoGDOUQ+yDrR0HRot+yOCdCO7u4hX3pWft6kWBBcqh0UA==",
      "requires": {
        "brace-expansion": "^1.1.7"
      }
    },
    "once": {
      "version": "1.4.0",
      "resolved": "https://registry.npmjs.org/once/-/once-1.4.0.tgz",
      "integrity": "sha1-WDsap3WWHUsROsF9nFC6753Xa9E=",
      "requires": {
        "wrappy": "1"
      }
    },
    "os-tmpdir": {
      "version": "1.0.2",
      "resolved": "https://registry.npmjs.org/os-tmpdir/-/os-tmpdir-1.0.2.tgz",
      "integrity": "sha1-u+Z0BseaqFxc/sdm/lc0VV36EnQ="
    },
    "path-is-absolute": {
      "version": "1.0.1",
      "resolved": "https://registry.npmjs.org/path-is-absolute/-/path-is-absolute-1.0.1.tgz",
      "integrity": "sha1-F0uSaHNVNP+8es5r9TpanhtcX18="
    },
    "require-from-string": {
      "version": "2.0.2",
      "resolved": "https://registry.npmjs.org/require-from-string/-/require-from-string-2.0.2.tgz",
      "integrity": "sha512-Xf0nWe6RseziFMu+Ap9biiUbmplq6S9/p+7w7YXP/JBHhrUDDUhwa+vANyubuqfZWTveU//DYVGsDG7RKL/vEw=="
    },
    "rimraf": {
      "version": "2.7.1",
      "resolved": "https://registry.npmjs.org/rimraf/-/rimraf-2.7.1.tgz",
      "integrity": "sha512-uWjbaKIK3T1OSVptzX7Nl6PvQ3qAGtKEtVRjRuazjfL3Bx5eI409VZSqgND+4UNnmzLVdPj9FqFJNPqBZFve4w==",
      "requires": {
        "glob": "^7.1.3"
      }
    },
    "scrypt-js": {
      "version": "3.0.1",
      "resolved": "https://registry.npmjs.org/scrypt-js/-/scrypt-js-3.0.1.tgz",
      "integrity": "sha512-cdwTTnqPu0Hyvf5in5asVdZocVDTNRmR7XEcJuIzMjJeSHybHl7vpB66AzwTaIg6CLSbtjcxc8fqcySfnTkccA=="
    },
    "semver": {
      "version": "5.7.1",
      "resolved": "https://registry.npmjs.org/semver/-/semver-5.7.1.tgz",
      "integrity": "sha512-sauaDf/PZdVgrLTNYHRtpXa1iRiKcaebiKQ1BJdpQlWH2lCvexQdX55snPFyK7QzpudqbCI0qXFfOasHdyNDGQ=="
    },
    "solc": {
      "version": "0.7.1",
      "resolved": "https://registry.npmjs.org/solc/-/solc-0.7.1.tgz",
      "integrity": "sha512-LepFVKDOcZ1O3OskOy45XTQ6G4rMRTmsGjn4gssaOrI9uyJI9LL6/X2MlYqeJx22UrpPUtCjQAb5IFWRoOSe+w==",
      "requires": {
        "command-exists": "^1.2.8",
        "commander": "3.0.2",
        "follow-redirects": "^1.12.1",
        "fs-extra": "^0.30.0",
        "js-sha3": "0.8.0",
        "memorystream": "^0.3.1",
        "require-from-string": "^2.0.0",
        "semver": "^5.5.0",
        "tmp": "0.0.33"
      },
      "dependencies": {
        "js-sha3": {
          "version": "0.8.0",
          "resolved": "https://registry.npmjs.org/js-sha3/-/js-sha3-0.8.0.tgz",
          "integrity": "sha512-gF1cRrHhIzNfToc802P800N8PpXS+evLLXfsVpowqmAFR9uwbi89WvXg2QspOmXL8QL86J4T1EpFu+yUkwJY3Q=="
        }
      }
    },
    "tiny-inflate": {
      "version": "1.0.3",
      "resolved": "https://registry.npmjs.org/tiny-inflate/-/tiny-inflate-1.0.3.tgz",
      "integrity": "sha512-pkY1fj1cKHb2seWDy0B16HeWyczlJA9/WW3u3c4z/NiWDsO3DOU5D7nhTLE9CF0yXv/QZFY7sEJmj24dK+Rrqw=="
    },
    "tmp": {
      "version": "0.0.33",
      "resolved": "https://registry.npmjs.org/tmp/-/tmp-0.0.33.tgz",
      "integrity": "sha512-jRCJlojKnZ3addtTOjdIqoRuPEKBvNXcGYqzO6zWZX8KfKEpnGY5jfggJQ3EjKuu8D4bJRr0y+cYJFmYbImXGw==",
      "requires": {
        "os-tmpdir": "~1.0.2"
      }
    },
    "to-fast-properties": {
      "version": "2.0.0",
      "resolved": "https://registry.npmjs.org/to-fast-properties/-/to-fast-properties-2.0.0.tgz",
      "integrity": "sha1-3F5pjL0HkmW8c+A3doGk5Og/YW4="
    },
    "wrappy": {
      "version": "1.0.2",
      "resolved": "https://registry.npmjs.org/wrappy/-/wrappy-1.0.2.tgz",
      "integrity": "sha1-tSQ9jz7BqjXxNkYFvA0QNuMKtp8="
    },
    "ws": {
      "version": "7.4.6",
      "resolved": "https://registry.npmjs.org/ws/-/ws-7.4.6.tgz",
      "integrity": "sha512-YmhHDO4MzaDLB+M9ym/mDA5z0naX8j7SIlT8f8z+I0VtzsRbekxEutHSme7NPS2qE8StCYQNUnfWdXta/Yu85A=="
    }
  }
}
